
Microsoft Visual Studio Solution File, Format Version 12.00
# Visual Studio Version 16
VisualStudioVersion = 16.0.30517.126
MinimumVisualStudioVersion = 10.0.40219.1
Project("{FAE04EC0-301F-11D3-BF4B-00C04F79EFBC}") = "prjViewSample", "prjViewSample\prjViewSample.csproj", "{B17DA627-A6EF-4092-9F9C-5CA7C9ACF761}"
EndProject
Global
	GlobalSection(SolutionConfigurationPlatforms) = preSolution
		Debug|Any CPU = Debug|Any CPU
		Release|Any CPU = Release|Any CPU
	EndGlobalSection
	GlobalSection(ProjectConfigurationPlatforms) = postSolution
		{B17DA627-A6EF-4092-9F9C-5CA7C9ACF761}.Debug|Any CPU.ActiveCfg = Debug|Any CPU
		{B17DA627-A6EF-4092-9F9C-5CA7C9ACF761}.Debug|Any CPU.Build.0 = Debug|Any CPU
		{B17DA627-A6EF-4092-9F9C-5CA7C9ACF761}.Release|Any CPU.ActiveCfg = Release|Any CPU
		{B17DA627-A6EF-4092-9F9C-5CA7C9ACF761}.Release|Any CPU.Build.0 = Release|Any CPU
	EndGlobalSection
	GlobalSection(SolutionProperties) = preSolution
		HideSolutionNode = FALSE
	EndGlobalSection
	GlobalSection(ExtensibilityGlobals) = postSolution
		SolutionGuid = {A33AC080-2B71-4DF1-B089-4554F6C4C020}
	EndGlobalSection
EndGlobal
