
Microsoft Visual Studio Solution File, Format Version 12.00
# Visual Studio Version 16
VisualStudioVersion = 16.0.30114.105
MinimumVisualStudioVersion = 10.0.40219.1
Project("{FAE04EC0-301F-11D3-BF4B-00C04F79EFBC}") = "CorsApiSample", "CorsApiSample.csproj", "{83D90816-5DF3-419C-9342-A1EAD5D3EA3A}"
EndProject
Global
	GlobalSection(SolutionConfigurationPlatforms) = preSolution
		Debug|Any CPU = Debug|Any CPU
		Release|Any CPU = Release|Any CPU
	EndGlobalSection
	GlobalSection(ProjectConfigurationPlatforms) = postSolution
		{83D90816-5DF3-419C-9342-A1EAD5D3EA3A}.Debug|Any CPU.ActiveCfg = Debug|Any CPU
		{83D90816-5DF3-419C-9342-A1EAD5D3EA3A}.Debug|Any CPU.Build.0 = Debug|Any CPU
		{83D90816-5DF3-419C-9342-A1EAD5D3EA3A}.Release|Any CPU.ActiveCfg = Release|Any CPU
		{83D90816-5DF3-419C-9342-A1EAD5D3EA3A}.Release|Any CPU.Build.0 = Release|Any CPU
	EndGlobalSection
	GlobalSection(SolutionProperties) = preSolution
		HideSolutionNode = FALSE
	EndGlobalSection
	GlobalSection(ExtensibilityGlobals) = postSolution
		SolutionGuid = {D24AFB66-8E87-4DD1-8A7A-99A1831BF9C6}
	EndGlobalSection
EndGlobal
